{
  "version": 4,
  "terraform_version": "0.12.25",
  "serial": 4,
  "lineage": "b440371e-3fc0-ab9f-e5f1-6f314435575b",
  "outputs": {},
  "resources": [
    {
      "mode": "managed",
      "type": "google_container_cluster",
      "name": "primary",
      "provider": "provider.google",
      "instances": [
        {
          "schema_version": 1,
          "attributes": {
            "additional_zones": [],
            "addons_config": [
              {
                "cloudrun_config": [],
                "horizontal_pod_autoscaling": [],
                "http_load_balancing": [],
                "kubernetes_dashboard": [],
                "network_policy_config": [
                  {
                    "disabled": true
                  }
                ]
              }
            ],
            "authenticator_groups_config": [],
            "cluster_autoscaling": [
              {
                "auto_provisioning_defaults": [],
                "enabled": false,
                "resource_limits": []
              }
            ],
            "cluster_ipv4_cidr": "10.8.0.0/14",
            "default_max_pods_per_node": 110,
            "description": "",
            "enable_binary_authorization": false,
            "enable_intranode_visibility": null,
            "enable_kubernetes_alpha": false,
            "enable_legacy_abac": false,
            "enable_shielded_nodes": false,
            "enable_tpu": null,
            "endpoint": "35.222.42.216",
            "id": "projects/optimal-mender-261119/locations/us-central1/clusters/test-gke-cluster",
            "initial_node_count": 1,
            "instance_group_urls": [
              "https://www.googleapis.com/compute/v1/projects/optimal-mender-261119/zones/us-central1-f/instanceGroups/gke-test-gke-cluster-reddit-cluster-71fb65bc-grp",
              "https://www.googleapis.com/compute/v1/projects/optimal-mender-261119/zones/us-central1-a/instanceGroups/gke-test-gke-cluster-reddit-cluster-d943bd60-grp",
              "https://www.googleapis.com/compute/v1/projects/optimal-mender-261119/zones/us-central1-c/instanceGroups/gke-test-gke-cluster-reddit-cluster-0a2fc4ee-grp"
            ],
            "ip_allocation_policy": [],
            "label_fingerprint": "a9dc16a7",
            "location": "us-central1",
            "logging_service": "logging.googleapis.com/kubernetes",
            "maintenance_policy": [],
            "master_auth": [
              {
                "client_certificate": "",
                "client_certificate_config": [
                  {
                    "issue_client_certificate": false
                  }
                ],
                "client_key": "",
                "cluster_ca_certificate": "LS0tLS1CRUdJTiBDRVJUSUZJQ0FURS0tLS0tCk1JSURERENDQWZTZ0F3SUJBZ0lSQU5WR2ZORUVqbVlzVmdybkFuL0xlZGN3RFFZSktvWklodmNOQVFFTEJRQXcKTHpFdE1Dc0dBMVVFQXhNa056azVObVEwT0RrdFlqRTBOeTAwT0dSbExXRTNOR1F0TURnMU1qQmhORGd5TVdJegpNQjRYRFRJd01EVXpNREUxTWpNeE0xb1hEVEkxTURVeU9URTJNak14TTFvd0x6RXRNQ3NHQTFVRUF4TWtOems1Ck5tUTBPRGt0WWpFME55MDBPR1JsTFdFM05HUXRNRGcxTWpCaE5EZ3lNV0l6TUlJQklqQU5CZ2txaGtpRzl3MEIKQVFFRkFBT0NBUThBTUlJQkNnS0NBUUVBNTFucmk0ZTZqaGtTM2p0a2lTK0lpeUVDVDQ3b1c4OGM2bW82bGgzVApMM0ozUEs1MzVEanljdWczOFRDeTM1d0hYNW5BUmRWNUlKZE5rWFJteFFpbDZwNTZYNi82T1V5NkhOY0ZJR01mCldwcGQ3YSs5NDRwTXBReU1uUCtGNFVOU21UQWd3TmxETTJ3V2hFZFlwRlZPUWM4OHBnS3d0dVRLY2hva0pIMncKQ1dXUS9aL3dScDBuMXJ4eVpEUGFyVUNCNzEzQjBoY0t2OXo5NmxLS2tKRERmQjV5UEhpK3FiaXBzcWtBMzUzYgowbE8yV1NQcE4zR0VQQXZOR0VDUmRVUzhSdUxtV21BU3RWRWliMDNrYXZNNk1vSjU4TjdWWDduR3BxZ3R1WGhvCkFjcU5HWktvNklUVjM5aTUxT2piOGZzVk8xU3U5d1lRZDZ0cXZrVS9JNy9zYVFJREFRQUJveU13SVRBT0JnTlYKSFE4QkFmOEVCQU1DQWdRd0R3WURWUjBUQVFIL0JBVXdBd0VCL3pBTkJna3Foa2lHOXcwQkFRc0ZBQU9DQVFFQQpaMWRTWVlkRk1xNkQyMkk0ZENmZSt0N0FIbDFnM0czYmJZa0h0ZktlekN4bXBPWkhMWE9IQlJGNXU2YnltRkozCnFjbDhrMDhreFJGekJuMjJuKzhyQVArczJWYXV6VDFtUmcwV2hmSDkweFZTajVEUzNyRm9rU2tLeEh6MzEzMEMKYVZFV3kwK0prQVY5cFBteUd2Q21yZWZqVDRCOFJrOHVyUHRrUDllQWw5TnQ1NnJlaHNpanFpUEU3NE14MEt3agptQXpCcGdxVkRxVnN4d3BSVUZwQ01nTlY4ZWQ1VThHdVB3NVI4SEZRNWxYbmtpT0VtR2U2U1c5dVR2cmlzbFFXClR5cjcyM3dnd1hQMmpucHFCK3hJcHFuUU4rOU00NkIxek5aNU5PVTJvbWlZSGk1SnBqS3BrQXNKTmJtT1RUR1kKNkFpQ0NhMEVRN1BoYkxBOXdLdXFXUT09Ci0tLS0tRU5EIENFUlRJRklDQVRFLS0tLS0K",
                "password": "",
                "username": ""
              }
            ],
            "master_authorized_networks_config": [],
            "master_version": "1.14.10-gke.36",
            "min_master_version": null,
            "monitoring_service": "monitoring.googleapis.com/kubernetes",
            "name": "test-gke-cluster",
            "network": "projects/optimal-mender-261119/global/networks/default",
            "network_policy": [
              {
                "enabled": false,
                "provider": "PROVIDER_UNSPECIFIED"
              }
            ],
            "node_config": [
              {
                "disk_size_gb": 100,
                "disk_type": "pd-standard",
                "guest_accelerator": [],
                "image_type": "COS",
                "labels": {},
                "local_ssd_count": 0,
                "machine_type": "n1-standard-1",
                "metadata": {
                  "disable-legacy-endpoints": "true"
                },
                "min_cpu_platform": "",
                "oauth_scopes": [
                  "https://www.googleapis.com/auth/logging.write",
                  "https://www.googleapis.com/auth/monitoring"
                ],
                "preemptible": true,
                "sandbox_config": [],
                "service_account": "default",
                "shielded_instance_config": [
                  {
                    "enable_integrity_monitoring": true,
                    "enable_secure_boot": false
                  }
                ],
                "tags": [],
                "taint": [],
                "workload_metadata_config": []
              }
            ],
            "node_locations": [
              "us-central1-a",
              "us-central1-c",
              "us-central1-f"
            ],
            "node_pool": [
              {
                "autoscaling": [],
                "initial_node_count": 2,
                "instance_group_urls": [
                  "https://www.googleapis.com/compute/v1/projects/optimal-mender-261119/zones/us-central1-f/instanceGroupManagers/gke-test-gke-cluster-reddit-cluster-71fb65bc-grp",
                  "https://www.googleapis.com/compute/v1/projects/optimal-mender-261119/zones/us-central1-a/instanceGroupManagers/gke-test-gke-cluster-reddit-cluster-d943bd60-grp",
                  "https://www.googleapis.com/compute/v1/projects/optimal-mender-261119/zones/us-central1-c/instanceGroupManagers/gke-test-gke-cluster-reddit-cluster-0a2fc4ee-grp"
                ],
                "management": [
                  {
                    "auto_repair": false,
                    "auto_upgrade": true
                  }
                ],
                "max_pods_per_node": 0,
                "name": "reddit-cluster",
                "name_prefix": "",
                "node_config": [
                  {
                    "disk_size_gb": 100,
                    "disk_type": "pd-standard",
                    "guest_accelerator": [],
                    "image_type": "COS",
                    "labels": {},
                    "local_ssd_count": 0,
                    "machine_type": "n1-standard-1",
                    "metadata": {
                      "disable-legacy-endpoints": "true"
                    },
                    "min_cpu_platform": "",
                    "oauth_scopes": [
                      "https://www.googleapis.com/auth/logging.write",
                      "https://www.googleapis.com/auth/monitoring"
                    ],
                    "preemptible": true,
                    "sandbox_config": [],
                    "service_account": "default",
                    "shielded_instance_config": [
                      {
                        "enable_integrity_monitoring": true,
                        "enable_secure_boot": false
                      }
                    ],
                    "tags": [],
                    "taint": [],
                    "workload_metadata_config": []
                  }
                ],
                "node_count": 2,
                "node_locations": [
                  "us-central1-a",
                  "us-central1-c",
                  "us-central1-f"
                ],
                "upgrade_settings": [
                  {
                    "max_surge": 1,
                    "max_unavailable": 0
                  }
                ],
                "version": "1.14.10-gke.36"
              }
            ],
            "node_version": "1.14.10-gke.36",
            "operation": null,
            "pod_security_policy_config": [],
            "private_cluster_config": [],
            "project": "optimal-mender-261119",
            "region": null,
            "remove_default_node_pool": true,
            "resource_labels": {},
            "resource_usage_export_config": [],
            "services_ipv4_cidr": "10.11.240.0/20",
            "subnetwork": "projects/optimal-mender-261119/regions/us-central1/subnetworks/default",
            "timeouts": null,
            "vertical_pod_autoscaling": [],
            "zone": null
          },
          "private": "eyJlMmJmYjczMC1lY2FhLTExZTYtOGY4OC0zNDM2M2JjN2M0YzAiOnsiY3JlYXRlIjoyNDAwMDAwMDAwMDAwLCJkZWxldGUiOjI0MDAwMDAwMDAwMDAsInJlYWQiOjI0MDAwMDAwMDAwMDAsInVwZGF0ZSI6MzYwMDAwMDAwMDAwMH0sInNjaGVtYV92ZXJzaW9uIjoiMSJ9"
        }
      ]
    },
    {
      "mode": "managed",
      "type": "google_container_node_pool",
      "name": "primary_preemptible_nodes",
      "provider": "provider.google",
      "instances": [
        {
          "schema_version": 1,
          "attributes": {
            "autoscaling": [],
            "cluster": "test-gke-cluster",
            "id": "projects/optimal-mender-261119/locations/us-central1/clusters/test-gke-cluster/nodePools/reddit-cluster",
            "initial_node_count": 2,
            "instance_group_urls": [
              "https://www.googleapis.com/compute/v1/projects/optimal-mender-261119/zones/us-central1-f/instanceGroupManagers/gke-test-gke-cluster-reddit-cluster-71fb65bc-grp",
              "https://www.googleapis.com/compute/v1/projects/optimal-mender-261119/zones/us-central1-a/instanceGroupManagers/gke-test-gke-cluster-reddit-cluster-d943bd60-grp",
              "https://www.googleapis.com/compute/v1/projects/optimal-mender-261119/zones/us-central1-c/instanceGroupManagers/gke-test-gke-cluster-reddit-cluster-0a2fc4ee-grp"
            ],
            "location": "us-central1",
            "management": [
              {
                "auto_repair": false,
                "auto_upgrade": true
              }
            ],
            "max_pods_per_node": null,
            "name": "reddit-cluster",
            "name_prefix": "",
            "node_config": [
              {
                "disk_size_gb": 100,
                "disk_type": "pd-standard",
                "guest_accelerator": [],
                "image_type": "COS",
                "labels": {},
                "local_ssd_count": 0,
                "machine_type": "n1-standard-1",
                "metadata": {
                  "disable-legacy-endpoints": "true"
                },
                "min_cpu_platform": "",
                "oauth_scopes": [
                  "https://www.googleapis.com/auth/logging.write",
                  "https://www.googleapis.com/auth/monitoring"
                ],
                "preemptible": true,
                "sandbox_config": [],
                "service_account": "default",
                "shielded_instance_config": [
                  {
                    "enable_integrity_monitoring": true,
                    "enable_secure_boot": false
                  }
                ],
                "tags": [],
                "taint": [],
                "workload_metadata_config": []
              }
            ],
            "node_count": 2,
            "node_locations": [
              "us-central1-a",
              "us-central1-c",
              "us-central1-f"
            ],
            "project": "optimal-mender-261119",
            "region": null,
            "timeouts": null,
            "upgrade_settings": [
              {
                "max_surge": 1,
                "max_unavailable": 0
              }
            ],
            "version": "1.14.10-gke.36",
            "zone": null
          }
        }
      ]
    }
  ]
}
